
Microsoft Visual Studio Solution File, Format Version 12.00
# Visual Studio Version 17
VisualStudioVersion = 17.6.33723.286
MinimumVisualStudioVersion = 10.0.40219.1
Project("{FAE04EC0-301F-11D3-BF4B-00C04F79EFBC}") = "JewelrySalesSystem_NoName_BE", "JewelrySalesSystem_NoName_BE.csproj", "{217733AB-9533-4D57-A9BF-0574FD788612}"
EndProject
Project("{FAE04EC0-301F-11D3-BF4B-00C04F79EFBC}") = "JSS_BusinessObjects", "..\JSS_BusinessObjects\JSS_BusinessObjects.csproj", "{434B142A-1CF5-4191-B6B2-B0CA296AA18A}"
EndProject
Project("{FAE04EC0-301F-11D3-BF4B-00C04F79EFBC}") = "JSS_DataAccessObjects", "..\JSS_DataAccessObjects\JSS_DataAccessObjects.csproj", "{ECCF6D70-F36B-45CB-B0C8-ABB4366E3CD4}"
EndProject
Project("{FAE04EC0-301F-11D3-BF4B-00C04F79EFBC}") = "JSS_Repositories", "..\JSS_Repositories\JSS_Repositories.csproj", "{9E681C92-084D-4B54-9FF7-C3A4D134840E}"
EndProject
Project("{FAE04EC0-301F-11D3-BF4B-00C04F79EFBC}") = "JSS_Services", "..\JSS_Services\JSS_Services.csproj", "{8FEC2292-A973-441B-9137-02C53C168FCE}"
EndProject
Global
	GlobalSection(SolutionConfigurationPlatforms) = preSolution
		Debug|Any CPU = Debug|Any CPU
		Release|Any CPU = Release|Any CPU
	EndGlobalSection
	GlobalSection(ProjectConfigurationPlatforms) = postSolution
		{217733AB-9533-4D57-A9BF-0574FD788612}.Debug|Any CPU.ActiveCfg = Debug|Any CPU
		{217733AB-9533-4D57-A9BF-0574FD788612}.Debug|Any CPU.Build.0 = Debug|Any CPU
		{217733AB-9533-4D57-A9BF-0574FD788612}.Release|Any CPU.ActiveCfg = Release|Any CPU
		{217733AB-9533-4D57-A9BF-0574FD788612}.Release|Any CPU.Build.0 = Release|Any CPU
		{434B142A-1CF5-4191-B6B2-B0CA296AA18A}.Debug|Any CPU.ActiveCfg = Debug|Any CPU
		{434B142A-1CF5-4191-B6B2-B0CA296AA18A}.Debug|Any CPU.Build.0 = Debug|Any CPU
		{434B142A-1CF5-4191-B6B2-B0CA296AA18A}.Release|Any CPU.ActiveCfg = Release|Any CPU
		{434B142A-1CF5-4191-B6B2-B0CA296AA18A}.Release|Any CPU.Build.0 = Release|Any CPU
		{ECCF6D70-F36B-45CB-B0C8-ABB4366E3CD4}.Debug|Any CPU.ActiveCfg = Debug|Any CPU
		{ECCF6D70-F36B-45CB-B0C8-ABB4366E3CD4}.Debug|Any CPU.Build.0 = Debug|Any CPU
		{ECCF6D70-F36B-45CB-B0C8-ABB4366E3CD4}.Release|Any CPU.ActiveCfg = Release|Any CPU
		{ECCF6D70-F36B-45CB-B0C8-ABB4366E3CD4}.Release|Any CPU.Build.0 = Release|Any CPU
		{9E681C92-084D-4B54-9FF7-C3A4D134840E}.Debug|Any CPU.ActiveCfg = Debug|Any CPU
		{9E681C92-084D-4B54-9FF7-C3A4D134840E}.Debug|Any CPU.Build.0 = Debug|Any CPU
		{9E681C92-084D-4B54-9FF7-C3A4D134840E}.Release|Any CPU.ActiveCfg = Release|Any CPU
		{9E681C92-084D-4B54-9FF7-C3A4D134840E}.Release|Any CPU.Build.0 = Release|Any CPU
		{8FEC2292-A973-441B-9137-02C53C168FCE}.Debug|Any CPU.ActiveCfg = Debug|Any CPU
		{8FEC2292-A973-441B-9137-02C53C168FCE}.Debug|Any CPU.Build.0 = Debug|Any CPU
		{8FEC2292-A973-441B-9137-02C53C168FCE}.Release|Any CPU.ActiveCfg = Release|Any CPU
		{8FEC2292-A973-441B-9137-02C53C168FCE}.Release|Any CPU.Build.0 = Release|Any CPU
	EndGlobalSection
	GlobalSection(SolutionProperties) = preSolution
		HideSolutionNode = FALSE
	EndGlobalSection
	GlobalSection(ExtensibilityGlobals) = postSolution
		SolutionGuid = {DC1E1857-635D-42C4-B2E6-6B6831BBCF5D}
	EndGlobalSection
EndGlobal
